
Microsoft Visual Studio Solution File, Format Version 12.00
# Visual Studio Version 17
VisualStudioVersion = 17.3.32929.385
MinimumVisualStudioVersion = 10.0.40219.1
Project("{9A19103F-16F7-4668-BE54-9A1E7A4F7556}") = "Sheenam.Api", "Sheenam.Api\Sheenam.Api.csproj", "{BE375D6E-D880-4B44-92E7-AD331EC77424}"
EndProject
Project("{9A19103F-16F7-4668-BE54-9A1E7A4F7556}") = "Sheenam.Api.Tests.Unit", "Sheenam.Api.Tests.Unit\Sheenam.Api.Tests.Unit.csproj", "{B09E112D-C5D9-4F29-B8B6-B60EF5DAAC8D}"
EndProject
Project("{FAE04EC0-301F-11D3-BF4B-00C04F79EFBC}") = "Sheenam.Api.Infrastructure.Build", "Sheenam.Api.Infrastructure.Build\Sheenam.Api.Infrastructure.Build.csproj", "{69A6ED17-EA25-4C35-B498-AD9C8D45CEE6}"
EndProject
Global
	GlobalSection(SolutionConfigurationPlatforms) = preSolution
		Debug|Any CPU = Debug|Any CPU
		Release|Any CPU = Release|Any CPU
	EndGlobalSection
	GlobalSection(ProjectConfigurationPlatforms) = postSolution
		{BE375D6E-D880-4B44-92E7-AD331EC77424}.Debug|Any CPU.ActiveCfg = Debug|Any CPU
		{BE375D6E-D880-4B44-92E7-AD331EC77424}.Debug|Any CPU.Build.0 = Debug|Any CPU
		{BE375D6E-D880-4B44-92E7-AD331EC77424}.Release|Any CPU.ActiveCfg = Release|Any CPU
		{BE375D6E-D880-4B44-92E7-AD331EC77424}.Release|Any CPU.Build.0 = Release|Any CPU
		{B09E112D-C5D9-4F29-B8B6-B60EF5DAAC8D}.Debug|Any CPU.ActiveCfg = Debug|Any CPU
		{B09E112D-C5D9-4F29-B8B6-B60EF5DAAC8D}.Debug|Any CPU.Build.0 = Debug|Any CPU
		{B09E112D-C5D9-4F29-B8B6-B60EF5DAAC8D}.Release|Any CPU.ActiveCfg = Release|Any CPU
		{B09E112D-C5D9-4F29-B8B6-B60EF5DAAC8D}.Release|Any CPU.Build.0 = Release|Any CPU
		{69A6ED17-EA25-4C35-B498-AD9C8D45CEE6}.Debug|Any CPU.ActiveCfg = Debug|Any CPU
		{69A6ED17-EA25-4C35-B498-AD9C8D45CEE6}.Debug|Any CPU.Build.0 = Debug|Any CPU
		{69A6ED17-EA25-4C35-B498-AD9C8D45CEE6}.Release|Any CPU.ActiveCfg = Release|Any CPU
		{69A6ED17-EA25-4C35-B498-AD9C8D45CEE6}.Release|Any CPU.Build.0 = Release|Any CPU
	EndGlobalSection
	GlobalSection(SolutionProperties) = preSolution
		HideSolutionNode = FALSE
	EndGlobalSection
	GlobalSection(ExtensibilityGlobals) = postSolution
		SolutionGuid = {524B2BD5-7C6A-4451-B031-814D11FA361B}
	EndGlobalSection
EndGlobal
